
Microsoft Visual Studio Solution File, Format Version 12.00
# Visual Studio 15
VisualStudioVersion = 15.0.28307.489
MinimumVisualStudioVersion = 10.0.40219.1
Project("{8BC9CEB8-8B4A-11D0-8D11-00A0C91BC942}") = "LABARECT", "LABARECT\LABARECT.vcxproj", "{1759DA57-59DC-471C-A3DD-CB2B8D763015}"
EndProject
Global
	GlobalSection(SolutionConfigurationPlatforms) = preSolution
		Debug|x64 = Debug|x64
		Debug|x86 = Debug|x86
		Release|x64 = Release|x64
		Release|x86 = Release|x86
	EndGlobalSection
	GlobalSection(ProjectConfigurationPlatforms) = postSolution
		{1759DA57-59DC-471C-A3DD-CB2B8D763015}.Debug|x64.ActiveCfg = Debug|x64
		{1759DA57-59DC-471C-A3DD-CB2B8D763015}.Debug|x64.Build.0 = Debug|x64
		{1759DA57-59DC-471C-A3DD-CB2B8D763015}.Debug|x86.ActiveCfg = Debug|Win32
		{1759DA57-59DC-471C-A3DD-CB2B8D763015}.Debug|x86.Build.0 = Debug|Win32
		{1759DA57-59DC-471C-A3DD-CB2B8D763015}.Release|x64.ActiveCfg = Release|x64
		{1759DA57-59DC-471C-A3DD-CB2B8D763015}.Release|x64.Build.0 = Release|x64
		{1759DA57-59DC-471C-A3DD-CB2B8D763015}.Release|x86.ActiveCfg = Release|Win32
		{1759DA57-59DC-471C-A3DD-CB2B8D763015}.Release|x86.Build.0 = Release|Win32
	EndGlobalSection
	GlobalSection(SolutionProperties) = preSolution
		HideSolutionNode = FALSE
	EndGlobalSection
	GlobalSection(ExtensibilityGlobals) = postSolution
		SolutionGuid = {19B40B66-F14B-4EDF-98E6-54C094AF4326}
	EndGlobalSection
EndGlobal
